// !$*UTF8*$!
{
	archiveVersion = 1;
	classes = {
	};
	objectVersion = 46;
	objects = {

/* Begin PBXBuildFile section */
		28ED797C1D38D75D00005E6C /* main.m in Sources */ = {isa = PBXBuildFile; fileRef = 28ED797B1D38D75D00005E6C /* main.m */; };
		28ED797F1D38D75D00005E6C /* AppDelegate.m in Sources */ = {isa = PBXBuildFile; fileRef = 28ED797E1D38D75D00005E6C /* AppDelegate.m */; };
		28ED79821D38D75D00005E6C /* ViewController.m in Sources */ = {isa = PBXBuildFile; fileRef = 28ED79811D38D75D00005E6C /* ViewController.m */; };
		28ED79851D38D75D00005E6C /* Main.storyboard in Resources */ = {isa = PBXBuildFile; fileRef = 28ED79831D38D75D00005E6C /* Main.storyboard */; };
		28ED79871D38D75D00005E6C /* Assets.xcassets in Resources */ = {isa = PBXBuildFile; fileRef = 28ED79861D38D75D00005E6C /* Assets.xcassets */; };
		28ED798A1D38D75D00005E6C /* LaunchScreen.storyboard in Resources */ = {isa = PBXBuildFile; fileRef = 28ED79881D38D75D00005E6C /* LaunchScreen.storyboard */; };
		28ED79951D38D75E00005E6C /* shengchengerweiTests.m in Sources */ = {isa = PBXBuildFile; fileRef = 28ED79941D38D75E00005E6C /* shengchengerweiTests.m */; };
		28ED79A01D38D75E00005E6C /* shengchengerweiUITests.m in Sources */ = {isa = PBXBuildFile; fileRef = 28ED799F1D38D75E00005E6C /* shengchengerweiUITests.m */; };
/* End PBXBuildFile section */

/* Begin PBXContainerItemProxy section */
		28ED79911D38D75D00005E6C /* PBXContainerItemProxy */ = {
			isa = PBXContainerItemProxy;
			containerPortal = 28ED796F1D38D75D00005E6C /* Project object */;
			proxyType = 1;
			remoteGlobalIDString = 28ED79761D38D75D00005E6C;
			remoteInfo = shengchengerwei;
		};
		28ED799C1D38D75E00005E6C /* PBXContainerItemProxy */ = {
			isa = PBXContainerItemProxy;
			containerPortal = 28ED796F1D38D75D00005E6C /* Project object */;
			proxyType = 1;
			remoteGlobalIDString = 28ED79761D38D75D00005E6C;
			remoteInfo = shengchengerwei;
		};
/* End PBXContainerItemProxy section */

/* Begin PBXFileReference section */
		28ED79771D38D75D00005E6C /* shengchengerwei.app */ = {isa = PBXFileReference; explicitFileType = wrapper.application; includeInIndex = 0; path = shengchengerwei.app; sourceTree = BUILT_PRODUCTS_DIR; };
		28ED797B1D38D75D00005E6C /* main.m */ = {isa = PBXFileReference; lastKnownFileType = sourcecode.c.objc; path = main.m; sourceTree = "<group>"; };
		28ED797D1D38D75D00005E6C /* AppDelegate.h */ = {isa = PBXFileReference; lastKnownFileType = sourcecode.c.h; path = AppDelegate.h; sourceTree = "<group>"; };
		28ED797E1D38D75D00005E6C /* AppDelegate.m */ = {isa = PBXFileReference; lastKnownFileType = sourcecode.c.objc; path = AppDelegate.m; sourceTree = "<group>"; };
		28ED79801D38D75D00005E6C /* ViewController.h */ = {isa = PBXFileReference; lastKnownFileType = sourcecode.c.h; path = ViewController.h; sourceTree = "<group>"; };
		28ED79811D38D75D00005E6C /* ViewController.m */ = {isa = PBXFileReference; lastKnownFileType = sourcecode.c.objc; path = ViewController.m; sourceTree = "<group>"; };
		28ED79841D38D75D00005E6C /* Base */ = {isa = PBXFileReference; lastKnownFileType = file.storyboard; name = Base; path = Base.lproj/Main.storyboard; sourceTree = "<group>"; };
		28ED79861D38D75D00005E6C /* Assets.xcassets */ = {isa = PBXFileReference; lastKnownFileType = folder.assetcatalog; path = Assets.xcassets; sourceTree = "<group>"; };
		28ED79891D38D75D00005E6C /* Base */ = {isa = PBXFileReference; lastKnownFileType = file.storyboard; name = Base; path = Base.lproj/LaunchScreen.storyboard; sourceTree = "<group>"; };
		28ED798B1D38D75D00005E6C /* Info.plist */ = {isa = PBXFileReference; lastKnownFileType = text.plist.xml; path = Info.plist; sourceTree = "<group>"; };
		28ED79901D38D75D00005E6C /* shengchengerweiTests.xctest */ = {isa = PBXFileReference; explicitFileType = wrapper.cfbundle; includeInIndex = 0; path = shengchengerweiTests.xctest; sourceTree = BUILT_PRODUCTS_DIR; };
		28ED79941D38D75E00005E6C /* shengchengerweiTests.m */ = {isa = PBXFileReference; lastKnownFileType = sourcecode.c.objc; path = shengchengerweiTests.m; sourceTree = "<group>"; };
		28ED79961D38D75E00005E6C /* Info.plist */ = {isa = PBXFileReference; lastKnownFileType = text.plist.xml; path = Info.plist; sourceTree = "<group>"; };
		28ED799B1D38D75E00005E6C /* shengchengerweiUITests.xctest */ = {isa = PBXFileReference; explicitFileType = wrapper.cfbundle; includeInIndex = 0; path = shengchengerweiUITests.xctest; sourceTree = BUILT_PRODUCTS_DIR; };
		28ED799F1D38D75E00005E6C /* shengchengerweiUITests.m */ = {isa = PBXFileReference; lastKnownFileType = sourcecode.c.objc; path = shengchengerweiUITests.m; sourceTree = "<group>"; };
		28ED79A11D38D75E00005E6C /* Info.plist */ = {isa = PBXFileReference; lastKnownFileType = text.plist.xml; path = Info.plist; sourceTree = "<group>"; };
/* End PBXFileReference section */

/* Begin PBXFrameworksBuildPhase section */
		28ED79741D38D75D00005E6C /* Frameworks */ = {
			isa = PBXFrameworksBuildPhase;
			buildActionMask = 2147483647;
			files = (
			);
			runOnlyForDeploymentPostprocessing = 0;
		};
		28ED798D1D38D75D00005E6C /* Frameworks */ = {
			isa = PBXFrameworksBuildPhase;
			buildActionMask = 2147483647;
			files = (
			);
			runOnlyForDeploymentPostprocessing = 0;
		};
		28ED79981D38D75E00005E6C /* Frameworks */ = {
			isa = PBXFrameworksBuildPhase;
			buildActionMask = 2147483647;
			files = (
			);
			runOnlyForDeploymentPostprocessing = 0;
		};
/* End PBXFrameworksBuildPhase section */

/* Begin PBXGroup section */
		28ED796E1D38D75D00005E6C = {
			isa = PBXGroup;
			children = (
				28ED79791D38D75D00005E6C /* shengchengerwei */,
				28ED79931D38D75E00005E6C /* shengchengerweiTests */,
				28ED799E1D38D75E00005E6C /* shengchengerweiUITests */,
				28ED79781D38D75D00005E6C /* Products */,
			);
			sourceTree = "<group>";
		};
		28ED79781D38D75D00005E6C /* Products */ = {
			isa = PBXGroup;
			children = (
				28ED79771D38D75D00005E6C /* shengchengerwei.app */,
				28ED79901D38D75D00005E6C /* shengchengerweiTests.xctest */,
				28ED799B1D38D75E00005E6C /* shengchengerweiUITests.xctest */,
			);
			name = Products;
			sourceTree = "<group>";
		};
		28ED79791D38D75D00005E6C /* shengchengerwei */ = {
			isa = PBXGroup;
			children = (
				28ED797D1D38D75D00005E6C /* AppDelegate.h */,
				28ED797E1D38D75D00005E6C /* AppDelegate.m */,
				28ED79801D38D75D00005E6C /* ViewController.h */,
				28ED79811D38D75D00005E6C /* ViewController.m */,
				28ED79831D38D75D00005E6C /* Main.storyboard */,
				28ED79861D38D75D00005E6C /* Assets.xcassets */,
				28ED79881D38D75D00005E6C /* LaunchScreen.storyboard */,
				28ED798B1D38D75D00005E6C /* Info.plist */,
				28ED797A1D38D75D00005E6C /* Supporting Files */,
			);
			path = shengchengerwei;
			sourceTree = "<group>";
		};
		28ED797A1D38D75D00005E6C /* Supporting Files */ = {
			isa = PBXGroup;
			children = (
				28ED797B1D38D75D00005E6C /* main.m */,
			);
			name = "Supporting Files";
			sourceTree = "<group>";
		};
		28ED79931D38D75E00005E6C /* shengchengerweiTests */ = {
			isa = PBXGroup;
			children = (
				28ED79941D38D75E00005E6C /* shengchengerweiTests.m */,
				28ED79961D38D75E00005E6C /* Info.plist */,
			);
			path = shengchengerweiTests;
			sourceTree = "<group>";
		};
		28ED799E1D38D75E00005E6C /* shengchengerweiUITests */ = {
			isa = PBXGroup;
			children = (
				28ED799F1D38D75E00005E6C /* shengchengerweiUITests.m */,
				28ED79A11D38D75E00005E6C /* Info.plist */,
			);
			path = shengchengerweiUITests;
			sourceTree = "<group>";
		};
/* End PBXGroup section */

/* Begin PBXNativeTarget section */
		28ED79761D38D75D00005E6C /* shengchengerwei */ = {
			isa = PBXNativeTarget;
			buildConfigurationList = 28ED79A41D38D75E00005E6C /* Build configuration list for PBXNativeTarget "shengchengerwei" */;
			buildPhases = (
				28ED79731D38D75D00005E6C /* Sources */,
				28ED79741D38D75D00005E6C /* Frameworks */,
				28ED79751D38D75D00005E6C /* Resources */,
			);
			buildRules = (
			);
			dependencies = (
			);
			name = shengchengerwei;
			productName = shengchengerwei;
			productReference = 28ED79771D38D75D00005E6C /* shengchengerwei.app */;
			productType = "com.apple.product-type.application";
		};
		28ED798F1D38D75D00005E6C /* shengchengerweiTests */ = {
			isa = PBXNativeTarget;
			buildConfigurationList = 28ED79A71D38D75E00005E6C /* Build configuration list for PBXNativeTarget "shengchengerweiTests" */;
			buildPhases = (
				28ED798C1D38D75D00005E6C /* Sources */,
				28ED798D1D38D75D00005E6C /* Frameworks */,
				28ED798E1D38D75D00005E6C /* Resources */,
			);
			buildRules = (
			);
			dependencies = (
				28ED79921D38D75D00005E6C /* PBXTargetDependency */,
			);
			name = shengchengerweiTests;
			productName = shengchengerweiTests;
			productReference = 28ED79901D38D75D00005E6C /* shengchengerweiTests.xctest */;
			productType = "com.apple.product-type.bundle.unit-test";
		};
		28ED799A1D38D75E00005E6C /* shengchengerweiUITests */ = {
			isa = PBXNativeTarget;
			buildConfigurationList = 28ED79AA1D38D75E00005E6C /* Build configuration list for PBXNativeTarget "shengchengerweiUITests" */;
			buildPhases = (
				28ED79971D38D75E00005E6C /* Sources */,
				28ED79981D38D75E00005E6C /* Frameworks */,
				28ED79991D38D75E00005E6C /* Resources */,
			);
			buildRules = (
			);
			dependencies = (
				28ED799D1D38D75E00005E6C /* PBXTargetDependency */,
			);
			name = shengchengerweiUITests;
			productName = shengchengerweiUITests;
			productReference = 28ED799B1D38D75E00005E6C /* shengchengerweiUITests.xctest */;
			productType = "com.apple.product-type.bundle.ui-testing";
		};
/* End PBXNativeTarget section */

/* Begin PBXProject section */
		28ED796F1D38D75D00005E6C /* Project object */ = {
			isa = PBXProject;
			attributes = {
				LastUpgradeCheck = 0730;
				ORGANIZATIONNAME = "IOS-开发机";
				TargetAttributes = {
					28ED79761D38D75D00005E6C = {
						CreatedOnToolsVersion = 7.3.1;
					};
					28ED798F1D38D75D00005E6C = {
						CreatedOnToolsVersion = 7.3.1;
						TestTargetID = 28ED79761D38D75D00005E6C;
					};
					28ED799A1D38D75E00005E6C = {
						CreatedOnToolsVersion = 7.3.1;
						TestTargetID = 28ED79761D38D75D00005E6C;
					};
				};
			};
			buildConfigurationList = 28ED79721D38D75D00005E6C /* Build configuration list for PBXProject "shengchengerwei" */;
			compatibilityVersion = "Xcode 3.2";
			developmentRegion = English;
			hasScannedForEncodings = 0;
			knownRegions = (
				en,
				Base,
			);
			mainGroup = 28ED796E1D38D75D00005E6C;
			productRefGroup = 28ED79781D38D75D00005E6C /* Products */;
			projectDirPath = "";
			projectRoot = "";
			targets = (
				28ED79761D38D75D00005E6C /* shengchengerwei */,
				28ED798F1D38D75D00005E6C /* shengchengerweiTests */,
				28ED799A1D38D75E00005E6C /* shengchengerweiUITests */,
			);
		};
/* End PBXProject section */

/* Begin PBXResourcesBuildPhase section */
		28ED79751D38D75D00005E6C /* Resources */ = {
			isa = PBXResourcesBuildPhase;
			buildActionMask = 2147483647;
			files = (
				28ED798A1D38D75D00005E6C /* LaunchScreen.storyboard in Resources */,
				28ED79871D38D75D00005E6C /* Assets.xcassets in Resources */,
				28ED79851D38D75D00005E6C /* Main.storyboard in Resources */,
			);
			runOnlyForDeploymentPostprocessing = 0;
		};
		28ED798E1D38D75D00005E6C /* Resources */ = {
			isa = PBXResourcesBuildPhase;
			buildActionMask = 2147483647;
			files = (
			);
			runOnlyForDeploymentPostprocessing = 0;
		};
		28ED79991D38D75E00005E6C /* Resources */ = {
			isa = PBXResourcesBuildPhase;
			buildActionMask = 2147483647;
			files = (
			);
			runOnlyForDeploymentPostprocessing = 0;
		};
/* End PBXResourcesBuildPhase section */

/* Begin PBXSourcesBuildPhase section */
		28ED79731D38D75D00005E6C /* Sources */ = {
			isa = PBXSourcesBuildPhase;
			buildActionMask = 2147483647;
			files = (
				28ED79821D38D75D00005E6C /* ViewController.m in Sources */,
				28ED797F1D38D75D00005E6C /* AppDelegate.m in Sources */,
				28ED797C1D38D75D00005E6C /* main.m in Sources */,
			);
			runOnlyForDeploymentPostprocessing = 0;
		};
		28ED798C1D38D75D00005E6C /* Sources */ = {
			isa = PBXSourcesBuildPhase;
			buildActionMask = 2147483647;
			files = (
				28ED79951D38D75E00005E6C /* shengchengerweiTests.m in Sources */,
			);
			runOnlyForDeploymentPostprocessing = 0;
		};
		28ED79971D38D75E00005E6C /* Sources */ = {
			isa = PBXSourcesBuildPhase;
			buildActionMask = 2147483647;
			files = (
				28ED79A01D38D75E00005E6C /* shengchengerweiUITests.m in Sources */,
			);
			runOnlyForDeploymentPostprocessing = 0;
		};
/* End PBXSourcesBuildPhase section */

/* Begin PBXTargetDependency section */
		28ED79921D38D75D00005E6C /* PBXTargetDependency */ = {
			isa = PBXTargetDependency;
			target = 28ED79761D38D75D00005E6C /* shengchengerwei */;
			targetProxy = 28ED79911D38D75D00005E6C /* PBXContainerItemProxy */;
		};
		28ED799D1D38D75E00005E6C /* PBXTargetDependency */ = {
			isa = PBXTargetDependency;
			target = 28ED79761D38D75D00005E6C /* shengchengerwei */;
			targetProxy = 28ED799C1D38D75E00005E6C /* PBXContainerItemProxy */;
		};
/* End PBXTargetDependency section */

/* Begin PBXVariantGroup section */
		28ED79831D38D75D00005E6C /* Main.storyboard */ = {
			isa = PBXVariantGroup;
			children = (
				28ED79841D38D75D00005E6C /* Base */,
			);
			name = Main.storyboard;
			sourceTree = "<group>";
		};
		28ED79881D38D75D00005E6C /* LaunchScreen.storyboard */ = {
			isa = PBXVariantGroup;
			children = (
				28ED79891D38D75D00005E6C /* Base */,
			);
			name = LaunchScreen.storyboard;
			sourceTree = "<group>";
		};
/* End PBXVariantGroup section */

/* Begin XCBuildConfiguration section */
		28ED79A21D38D75E00005E6C /* Debug */ = {
			isa = XCBuildConfiguration;
			buildSettings = {
				ALWAYS_SEARCH_USER_PATHS = NO;
				CLANG_ANALYZER_NONNULL = YES;
				CLANG_CXX_LANGUAGE_STANDARD = "gnu++0x";
				CLANG_CXX_LIBRARY = "libc++";
				CLANG_ENABLE_MODULES = YES;
				CLANG_ENABLE_OBJC_ARC = YES;
				CLANG_WARN_BOOL_CONVERSION = YES;
				CLANG_WARN_CONSTANT_CONVERSION = YES;
				CLANG_WARN_DIRECT_OBJC_ISA_USAGE = YES_ERROR;
				CLANG_WARN_EMPTY_BODY = YES;
				CLANG_WARN_ENUM_CONVERSION = YES;
				CLANG_WARN_INT_CONVERSION = YES;
				CLANG_WARN_OBJC_ROOT_CLASS = YES_ERROR;
				CLANG_WARN_UNREACHABLE_CODE = YES;
				CLANG_WARN__DUPLICATE_METHOD_MATCH = YES;
				"CODE_SIGN_IDENTITY[sdk=iphoneos*]" = "iPhone Developer";
				COPY_PHASE_STRIP = NO;
				DEBUG_INFORMATION_FORMAT = dwarf;
				ENABLE_STRICT_OBJC_MSGSEND = YES;
				ENABLE_TESTABILITY = YES;
				GCC_C_LANGUAGE_STANDARD = gnu99;
				GCC_DYNAMIC_NO_PIC = NO;
				GCC_NO_COMMON_BLOCKS = YES;
				GCC_OPTIMIZATION_LEVEL = 0;
				GCC_PREPROCESSOR_DEFINITIONS = (
					"DEBUG=1",
					"$(inherited)",
				);
				GCC_WARN_64_TO_32_BIT_CONVERSION = YES;
				GCC_WARN_ABOUT_RETURN_TYPE = YES_ERROR;
				GCC_WARN_UNDECLARED_SELECTOR = YES;
				GCC_WARN_UNINITIALIZED_AUTOS = YES_AGGRESSIVE;
				GCC_WARN_UNUSED_FUNCTION = YES;
				GCC_WARN_UNUSED_VARIABLE = YES;
				IPHONEOS_DEPLOYMENT_TARGET = 9.3;
				MTL_ENABLE_DEBUG_INFO = YES;
				ONLY_ACTIVE_ARCH = YES;
				SDKROOT = iphoneos;
				TARGETED_DEVICE_FAMILY = "1,2";
			};
			name = Debug;
		};
		28ED79A31D38D75E00005E6C /* Release */ = {
			isa = XCBuildConfiguration;
			buildSettings = {
				ALWAYS_SEARCH_USER_PATHS = NO;
				CLANG_ANALYZER_NONNULL = YES;
				CLANG_CXX_LANGUAGE_STANDARD = "gnu++0x";
				CLANG_CXX_LIBRARY = "libc++";
				CLANG_ENABLE_MODULES = YES;
				CLANG_ENABLE_OBJC_ARC = YES;
				CLANG_WARN_BOOL_CONVERSION = YES;
				CLANG_WARN_CONSTANT_CONVERSION = YES;
				CLANG_WARN_DIRECT_OBJC_ISA_USAGE = YES_ERROR;
				CLANG_WARN_EMPTY_BODY = YES;
				CLANG_WARN_ENUM_CONVERSION = YES;
				CLANG_WARN_INT_CONVERSION = YES;
				CLANG_WARN_OBJC_ROOT_CLASS = YES_ERROR;
				CLANG_WARN_UNREACHABLE_CODE = YES;
				CLANG_WARN__DUPLICATE_METHOD_MATCH = YES;
				"CODE_SIGN_IDENTITY[sdk=iphoneos*]" = "iPhone Developer";
				COPY_PHASE_STRIP = NO;
				DEBUG_INFORMATION_FORMAT = "dwarf-with-dsym";
				ENABLE_NS_ASSERTIONS = NO;
				ENABLE_STRICT_OBJC_MSGSEND = YES;
				GCC_C_LANGUAGE_STANDARD = gnu99;
				GCC_NO_COMMON_BLOCKS = YES;
				GCC_WARN_64_TO_32_BIT_CONVERSION = YES;
				GCC_WARN_ABOUT_RETURN_TYPE = YES_ERROR;
				GCC_WARN_UNDECLARED_SELECTOR = YES;
				GCC_WARN_UNINITIALIZED_AUTOS = YES_AGGRESSIVE;
				GCC_WARN_UNUSED_FUNCTION = YES;
				GCC_WARN_UNUSED_VARIABLE = YES;
				IPHONEOS_DEPLOYMENT_TARGET = 9.3;
				MTL_ENABLE_DEBUG_INFO = NO;
				SDKROOT = iphoneos;
				TARGETED_DEVICE_FAMILY = "1,2";
				VALIDATE_PRODUCT = YES;
			};
			name = Release;
		};
		28ED79A51D38D75E00005E6C /* Debug */ = {
			isa = XCBuildConfiguration;
			buildSettings = {
				ASSETCATALOG_COMPILER_APPICON_NAME = AppIcon;
				INFOPLIST_FILE = shengchengerwei/Info.plist;
				LD_RUNPATH_SEARCH_PATHS = "$(inherited) @executable_path/Frameworks";
				PRODUCT_BUNDLE_IDENTIFIER = com.huodull.shengchengerwei;
				PRODUCT_NAME = "$(TARGET_NAME)";
			};
			name = Debug;
		};
		28ED79A61D38D75E00005E6C /* Release */ = {
			isa = XCBuildConfiguration;
			buildSettings = {
				ASSETCATALOG_COMPILER_APPICON_NAME = AppIcon;
				INFOPLIST_FILE = shengchengerwei/Info.plist;
				LD_RUNPATH_SEARCH_PATHS = "$(inherited) @executable_path/Frameworks";
				PRODUCT_BUNDLE_IDENTIFIER = com.huodull.shengchengerwei;
				PRODUCT_NAME = "$(TARGET_NAME)";
			};
			name = Release;
		};
		28ED79A81D38D75E00005E6C /* Debug */ = {
			isa = XCBuildConfiguration;
			buildSettings = {
				BUNDLE_LOADER = "$(TEST_HOST)";
				INFOPLIST_FILE = shengchengerweiTests/Info.plist;
				LD_RUNPATH_SEARCH_PATHS = "$(inherited) @executable_path/Frameworks @loader_path/Frameworks";
				PRODUCT_BUNDLE_IDENTIFIER = com.huodull.shengchengerweiTests;
				PRODUCT_NAME = "$(TARGET_NAME)";
				TEST_HOST = "$(BUILT_PRODUCTS_DIR)/shengchengerwei.app/shengchengerwei";
			};
			name = Debug;
		};
		28ED79A91D38D75E00005E6C /* Release */ = {
			isa = XCBuildConfiguration;
			buildSettings = {
				BUNDLE_LOADER = "$(TEST_HOST)";
				INFOPLIST_FILE = shengchengerweiTests/Info.plist;
				LD_RUNPATH_SEARCH_PATHS = "$(inherited) @executable_path/Frameworks @loader_path/Frameworks";
				PRODUCT_BUNDLE_IDENTIFIER = com.huodull.shengchengerweiTests;
				PRODUCT_NAME = "$(TARGET_NAME)";
				TEST_HOST = "$(BUILT_PRODUCTS_DIR)/shengchengerwei.app/shengchengerwei";
			};
			name = Release;
		};
		28ED79AB1D38D75E00005E6C /* Debug */ = {
			isa = XCBuildConfiguration;
			buildSettings = {
				INFOPLIST_FILE = shengchengerweiUITests/Info.plist;
				LD_RUNPATH_SEARCH_PATHS = "$(inherited) @executable_path/Frameworks @loader_path/Frameworks";
				PRODUCT_BUNDLE_IDENTIFIER = com.huodull.shengchengerweiUITests;
				PRODUCT_NAME = "$(TARGET_NAME)";
				TEST_TARGET_NAME = shengchengerwei;
			};
			name = Debug;
		};
		28ED79AC1D38D75E00005E6C /* Release */ = {
			isa = XCBuildConfiguration;
			buildSettings = {
				INFOPLIST_FILE = shengchengerweiUITests/Info.plist;
				LD_RUNPATH_SEARCH_PATHS = "$(inherited) @executable_path/Frameworks @loader_path/Frameworks";
				PRODUCT_BUNDLE_IDENTIFIER = com.huodull.shengchengerweiUITests;
				PRODUCT_NAME = "$(TARGET_NAME)";
				TEST_TARGET_NAME = shengchengerwei;
			};
			name = Release;
		};
/* End XCBuildConfiguration section */

/* Begin XCConfigurationList section */
		28ED79721D38D75D00005E6C /* Build configuration list for PBXProject "shengchengerwei" */ = {
			isa = XCConfigurationList;
			buildConfigurations = (
				28ED79A21D38D75E00005E6C /* Debug */,
				28ED79A31D38D75E00005E6C /* Release */,
			);
			defaultConfigurationIsVisible = 0;
			defaultConfigurationName = Release;
		};
		28ED79A41D38D75E00005E6C /* Build configuration list for PBXNativeTarget "shengchengerwei" */ = {
			isa = XCConfigurationList;
			buildConfigurations = (
				28ED79A51D38D75E00005E6C /* Debug */,
				28ED79A61D38D75E00005E6C /* Release */,
			);
			defaultConfigurationIsVisible = 0;
		};
		28ED79A71D38D75E00005E6C /* Build configuration list for PBXNativeTarget "shengchengerweiTests" */ = {
			isa = XCConfigurationList;
			buildConfigurations = (
				28ED79A81D38D75E00005E6C /* Debug */,
				28ED79A91D38D75E00005E6C /* Release */,
			);
			defaultConfigurationIsVisible = 0;
		};
		28ED79AA1D38D75E00005E6C /* Build configuration list for PBXNativeTarget "shengchengerweiUITests" */ = {
			isa = XCConfigurationList;
			buildConfigurations = (
				28ED79AB1D38D75E00005E6C /* Debug */,
				28ED79AC1D38D75E00005E6C /* Release */,
			);
			defaultConfigurationIsVisible = 0;
		};
/* End XCConfigurationList section */
	};
	rootObject = 28ED796F1D38D75D00005E6C /* Project object */;
}
